
Microsoft Visual Studio Solution File, Format Version 12.00
Project("{F2A71F9B-5D33-465A-A702-920D77279786}") = "Oxpecker.Solid.JitBox", "Oxpecker.Solid.JitBox\Oxpecker.Solid.JitBox.fsproj", "{43DE6BF1-3547-47EC-A8C3-22FCF2F4480B}"
EndProject
Project("{2150E333-8FDC-42A3-9474-1A3956D46DE8}") = "Misc Files", "Misc Files", "{87632061-E91B-4C9D-A7C0-85693C39481D}"
	ProjectSection(SolutionItems) = preProject
		package.json = package.json
		paket.dependencies = paket.dependencies
	EndProjectSection
EndProject
Project("{F2A71F9B-5D33-465A-A702-920D77279786}") = "Oxpecker.Solid.JitBox.Tests", "Oxpecker.Solid.JitBox.Tests\Oxpecker.Solid.JitBox.Tests.fsproj", "{A87FA903-F1D7-41AD-A4FE-6AF7659A36D5}"
EndProject
Global
	GlobalSection(SolutionConfigurationPlatforms) = preSolution
		Debug|Any CPU = Debug|Any CPU
		Release|Any CPU = Release|Any CPU
	EndGlobalSection
	GlobalSection(ProjectConfigurationPlatforms) = postSolution
		{43DE6BF1-3547-47EC-A8C3-22FCF2F4480B}.Debug|Any CPU.ActiveCfg = Debug|Any CPU
		{43DE6BF1-3547-47EC-A8C3-22FCF2F4480B}.Debug|Any CPU.Build.0 = Debug|Any CPU
		{43DE6BF1-3547-47EC-A8C3-22FCF2F4480B}.Release|Any CPU.ActiveCfg = Release|Any CPU
		{43DE6BF1-3547-47EC-A8C3-22FCF2F4480B}.Release|Any CPU.Build.0 = Release|Any CPU
		{A87FA903-F1D7-41AD-A4FE-6AF7659A36D5}.Debug|Any CPU.ActiveCfg = Debug|Any CPU
		{A87FA903-F1D7-41AD-A4FE-6AF7659A36D5}.Debug|Any CPU.Build.0 = Debug|Any CPU
		{A87FA903-F1D7-41AD-A4FE-6AF7659A36D5}.Release|Any CPU.ActiveCfg = Release|Any CPU
		{A87FA903-F1D7-41AD-A4FE-6AF7659A36D5}.Release|Any CPU.Build.0 = Release|Any CPU
	EndGlobalSection
EndGlobal
