
Microsoft Visual Studio Solution File, Format Version 12.00
Project("{F2A71F9B-5D33-465A-A702-920D77279786}") = "Oxpecker.Solid.JitBox", "Oxpecker.Solid.JitBox\Oxpecker.Solid.JitBox.fsproj", "{43DE6BF1-3547-47EC-A8C3-22FCF2F4480B}"
EndProject
Project("{2150E333-8FDC-42A3-9474-1A3956D46DE8}") = "Misc Files", "Misc Files", "{87632061-E91B-4C9D-A7C0-85693C39481D}"
	ProjectSection(SolutionItems) = preProject
		package.json = package.json
		paket.dependencies = paket.dependencies
	EndProjectSection
EndProject
Project("{F2A71F9B-5D33-465A-A702-920D77279786}") = "Oxpecker.Solid.JitBox.Tests", "Oxpecker.Solid.JitBox.Tests\Oxpecker.Solid.JitBox.Tests.fsproj", "{A87FA903-F1D7-41AD-A4FE-6AF7659A36D5}"
EndProject
Project("{F2A71F9B-5D33-465A-A702-920D77279786}") = "Oxpecker.Solid.Lucide", "Oxpecker.Solid.Lucide\Oxpecker.Solid.Lucide.fsproj", "{1A1DEAB6-4D65-4768-882D-522F0B369101}"
EndProject
Project("{F2A71F9B-5D33-465A-A702-920D77279786}") = "Oxpecker.Solid.Lucide.Generator", "Oxpecker.Solid.Lucide.Generator\Oxpecker.Solid.Lucide.Generator.fsproj", "{0068491A-A132-44EA-AF0C-3F01C2A79AF0}"
EndProject
Project("{F2A71F9B-5D33-465A-A702-920D77279786}") = "Oxpecker.Solid.Corvu.Generator", "Oxpecker.Solid.Corvu.Generator\Oxpecker.Solid.Corvu.Generator.fsproj", "{BE26CA44-D8F0-4CA5-9007-9EC692E627BE}"
EndProject
Project("{F2A71F9B-5D33-465A-A702-920D77279786}") = "Oxpecker.Solid.Corvu", "Oxpecker.Solid.Corvu\Oxpecker.Solid.Corvu.fsproj", "{394E747A-3B38-4A7B-AD8F-94AA65C9AEF0}"
EndProject
Project("{F2A71F9B-5D33-465A-A702-920D77279786}") = "Oxpecker.Solid.Kobalte.Generator", "Oxpecker.Solid.Kobalte.Generator\Oxpecker.Solid.Kobalte.Generator.fsproj", "{A078AA23-F2A0-4F5C-A69C-7469BEEAD63D}"
EndProject
Project("{F2A71F9B-5D33-465A-A702-920D77279786}") = "Oxpecker.Solid.Kobalte", "Oxpecker.Solid.Kobalte\Oxpecker.Solid.Kobalte.fsproj", "{43B03F5C-C269-4630-A4ED-CC28B7474EE5}"
EndProject
Project("{2150E333-8FDC-42A3-9474-1A3956D46DE8}") = "Bindings", "Bindings", "{25DAA9DF-02BB-4B0F-A38D-767B13D772F8}"
EndProject
Project("{F2A71F9B-5D33-465A-A702-920D77279786}") = "Oxpecker.Solid.Cmdk", "Oxpecker.Solid.Cmdk\Oxpecker.Solid.Cmdk.fsproj", "{2AE5DCDC-8E9D-42A5-9607-F98801F42EDF}"
EndProject
Project("{F2A71F9B-5D33-465A-A702-920D77279786}") = "Oxpecker.Solid.Ark", "Oxpecker.Solid.Ark\Oxpecker.Solid.Ark.fsproj", "{19374EC6-C55B-4D21-8664-EF9207AFC573}"
EndProject
Global
	GlobalSection(SolutionConfigurationPlatforms) = preSolution
		Debug|Any CPU = Debug|Any CPU
		Release|Any CPU = Release|Any CPU
	EndGlobalSection
	GlobalSection(ProjectConfigurationPlatforms) = postSolution
		{43DE6BF1-3547-47EC-A8C3-22FCF2F4480B}.Debug|Any CPU.ActiveCfg = Debug|Any CPU
		{43DE6BF1-3547-47EC-A8C3-22FCF2F4480B}.Debug|Any CPU.Build.0 = Debug|Any CPU
		{43DE6BF1-3547-47EC-A8C3-22FCF2F4480B}.Release|Any CPU.ActiveCfg = Release|Any CPU
		{43DE6BF1-3547-47EC-A8C3-22FCF2F4480B}.Release|Any CPU.Build.0 = Release|Any CPU
		{A87FA903-F1D7-41AD-A4FE-6AF7659A36D5}.Debug|Any CPU.ActiveCfg = Debug|Any CPU
		{A87FA903-F1D7-41AD-A4FE-6AF7659A36D5}.Debug|Any CPU.Build.0 = Debug|Any CPU
		{A87FA903-F1D7-41AD-A4FE-6AF7659A36D5}.Release|Any CPU.ActiveCfg = Release|Any CPU
		{A87FA903-F1D7-41AD-A4FE-6AF7659A36D5}.Release|Any CPU.Build.0 = Release|Any CPU
		{1A1DEAB6-4D65-4768-882D-522F0B369101}.Debug|Any CPU.ActiveCfg = Debug|Any CPU
		{1A1DEAB6-4D65-4768-882D-522F0B369101}.Debug|Any CPU.Build.0 = Debug|Any CPU
		{1A1DEAB6-4D65-4768-882D-522F0B369101}.Release|Any CPU.ActiveCfg = Release|Any CPU
		{1A1DEAB6-4D65-4768-882D-522F0B369101}.Release|Any CPU.Build.0 = Release|Any CPU
		{0068491A-A132-44EA-AF0C-3F01C2A79AF0}.Debug|Any CPU.ActiveCfg = Debug|Any CPU
		{0068491A-A132-44EA-AF0C-3F01C2A79AF0}.Debug|Any CPU.Build.0 = Debug|Any CPU
		{0068491A-A132-44EA-AF0C-3F01C2A79AF0}.Release|Any CPU.ActiveCfg = Release|Any CPU
		{0068491A-A132-44EA-AF0C-3F01C2A79AF0}.Release|Any CPU.Build.0 = Release|Any CPU
		{BE26CA44-D8F0-4CA5-9007-9EC692E627BE}.Debug|Any CPU.ActiveCfg = Debug|Any CPU
		{BE26CA44-D8F0-4CA5-9007-9EC692E627BE}.Debug|Any CPU.Build.0 = Debug|Any CPU
		{BE26CA44-D8F0-4CA5-9007-9EC692E627BE}.Release|Any CPU.ActiveCfg = Release|Any CPU
		{BE26CA44-D8F0-4CA5-9007-9EC692E627BE}.Release|Any CPU.Build.0 = Release|Any CPU
		{394E747A-3B38-4A7B-AD8F-94AA65C9AEF0}.Debug|Any CPU.ActiveCfg = Debug|Any CPU
		{394E747A-3B38-4A7B-AD8F-94AA65C9AEF0}.Debug|Any CPU.Build.0 = Debug|Any CPU
		{394E747A-3B38-4A7B-AD8F-94AA65C9AEF0}.Release|Any CPU.ActiveCfg = Release|Any CPU
		{394E747A-3B38-4A7B-AD8F-94AA65C9AEF0}.Release|Any CPU.Build.0 = Release|Any CPU
		{A078AA23-F2A0-4F5C-A69C-7469BEEAD63D}.Debug|Any CPU.ActiveCfg = Debug|Any CPU
		{A078AA23-F2A0-4F5C-A69C-7469BEEAD63D}.Debug|Any CPU.Build.0 = Debug|Any CPU
		{A078AA23-F2A0-4F5C-A69C-7469BEEAD63D}.Release|Any CPU.ActiveCfg = Release|Any CPU
		{A078AA23-F2A0-4F5C-A69C-7469BEEAD63D}.Release|Any CPU.Build.0 = Release|Any CPU
		{43B03F5C-C269-4630-A4ED-CC28B7474EE5}.Debug|Any CPU.ActiveCfg = Debug|Any CPU
		{43B03F5C-C269-4630-A4ED-CC28B7474EE5}.Debug|Any CPU.Build.0 = Debug|Any CPU
		{43B03F5C-C269-4630-A4ED-CC28B7474EE5}.Release|Any CPU.ActiveCfg = Release|Any CPU
		{43B03F5C-C269-4630-A4ED-CC28B7474EE5}.Release|Any CPU.Build.0 = Release|Any CPU
		{2AE5DCDC-8E9D-42A5-9607-F98801F42EDF}.Debug|Any CPU.ActiveCfg = Debug|Any CPU
		{2AE5DCDC-8E9D-42A5-9607-F98801F42EDF}.Debug|Any CPU.Build.0 = Debug|Any CPU
		{2AE5DCDC-8E9D-42A5-9607-F98801F42EDF}.Release|Any CPU.ActiveCfg = Release|Any CPU
		{2AE5DCDC-8E9D-42A5-9607-F98801F42EDF}.Release|Any CPU.Build.0 = Release|Any CPU
		{19374EC6-C55B-4D21-8664-EF9207AFC573}.Debug|Any CPU.ActiveCfg = Debug|Any CPU
		{19374EC6-C55B-4D21-8664-EF9207AFC573}.Debug|Any CPU.Build.0 = Debug|Any CPU
		{19374EC6-C55B-4D21-8664-EF9207AFC573}.Release|Any CPU.ActiveCfg = Release|Any CPU
		{19374EC6-C55B-4D21-8664-EF9207AFC573}.Release|Any CPU.Build.0 = Release|Any CPU
	EndGlobalSection
	GlobalSection(NestedProjects) = preSolution
		{394E747A-3B38-4A7B-AD8F-94AA65C9AEF0} = {25DAA9DF-02BB-4B0F-A38D-767B13D772F8}
		{BE26CA44-D8F0-4CA5-9007-9EC692E627BE} = {25DAA9DF-02BB-4B0F-A38D-767B13D772F8}
		{43B03F5C-C269-4630-A4ED-CC28B7474EE5} = {25DAA9DF-02BB-4B0F-A38D-767B13D772F8}
		{A078AA23-F2A0-4F5C-A69C-7469BEEAD63D} = {25DAA9DF-02BB-4B0F-A38D-767B13D772F8}
		{1A1DEAB6-4D65-4768-882D-522F0B369101} = {25DAA9DF-02BB-4B0F-A38D-767B13D772F8}
		{0068491A-A132-44EA-AF0C-3F01C2A79AF0} = {25DAA9DF-02BB-4B0F-A38D-767B13D772F8}
		{2AE5DCDC-8E9D-42A5-9607-F98801F42EDF} = {25DAA9DF-02BB-4B0F-A38D-767B13D772F8}
		{19374EC6-C55B-4D21-8664-EF9207AFC573} = {25DAA9DF-02BB-4B0F-A38D-767B13D772F8}
	EndGlobalSection
EndGlobal
